// !$*UTF8*$!
{
	archiveVersion = 1;
	classes = {
	};
	objectVersion = 51;
	objects = {

/* Begin PBXBuildFile section */
		2904AB74268461D0002A7D45 /* AppDelegate.swift in Sources */ = {isa = PBXBuildFile; fileRef = 2904AB73268461D0002A7D45 /* AppDelegate.swift */; };
		2904AB76268461D0002A7D45 /* SceneDelegate.swift in Sources */ = {isa = PBXBuildFile; fileRef = 2904AB75268461D0002A7D45 /* SceneDelegate.swift */; };
		2904AB7D268461F9002A7D45 /* Assets.xcassets in Resources */ = {isa = PBXBuildFile; fileRef = 2904AB7C268461F9002A7D45 /* Assets.xcassets */; };
		2904AB80268461F9002A7D45 /* LaunchScreen.storyboard in Resources */ = {isa = PBXBuildFile; fileRef = 2904AB7E268461F9002A7D45 /* LaunchScreen.storyboard */; };
		2904AB8B268461FC002A7D45 /* SwipeUpForNewsTests.swift in Sources */ = {isa = PBXBuildFile; fileRef = 2904AB8A268461FC002A7D45 /* SwipeUpForNewsTests.swift */; };
		2904AB96268461FC002A7D45 /* SwipeUpForNewsUITests.swift in Sources */ = {isa = PBXBuildFile; fileRef = 2904AB95268461FC002A7D45 /* SwipeUpForNewsUITests.swift */; };
		2904ABA4268463A5002A7D45 /* MyRootViewController.swift in Sources */ = {isa = PBXBuildFile; fileRef = 2904ABA3268463A4002A7D45 /* MyRootViewController.swift */; };
		29B543182695830300BEA1B6 /* TwitterUserAPI.swift in Sources */ = {isa = PBXBuildFile; fileRef = 29B543172695830300BEA1B6 /* TwitterUserAPI.swift */; };
		29B5431B269590BE00BEA1B6 /* twitterUserData.swift in Sources */ = {isa = PBXBuildFile; fileRef = 29B5431A269590BE00BEA1B6 /* twitterUserData.swift */; };
		29BB2DFC26846DCC00DE7AA8 /* NewsCollectionViewCell.swift in Sources */ = {isa = PBXBuildFile; fileRef = 29BB2DFB26846DCC00DE7AA8 /* NewsCollectionViewCell.swift */; };
		29BB2DFF2685CD0700DE7AA8 /* NewsLabelCollectionViewCell.swift in Sources */ = {isa = PBXBuildFile; fileRef = 29BB2DFD2685CD0700DE7AA8 /* NewsLabelCollectionViewCell.swift */; };
		29BB2E002685CD0700DE7AA8 /* NewsLabelCollectionViewCell.xib in Resources */ = {isa = PBXBuildFile; fileRef = 29BB2DFE2685CD0700DE7AA8 /* NewsLabelCollectionViewCell.xib */; };
		7DBA018789C9F211C0DE56B8 /* Pods_SwipeUpForNewsTests.framework in Frameworks */ = {isa = PBXBuildFile; fileRef = 4357C06CF1C07FDCFA6E96D6 /* Pods_SwipeUpForNewsTests.framework */; };
		AF0C25CBAF00D00BCED8909F /* Pods_SwipeUpForNews_SwipeUpForNewsUITests.framework in Frameworks */ = {isa = PBXBuildFile; fileRef = B7150FB4C064F540DBD83C50 /* Pods_SwipeUpForNews_SwipeUpForNewsUITests.framework */; };
		EFF25A6789F0576EF7FA1E31 /* Pods_SwipeUpForNews.framework in Frameworks */ = {isa = PBXBuildFile; fileRef = 76AE4E57D2A94E5D33448168 /* Pods_SwipeUpForNews.framework */; };
/* End PBXBuildFile section */

/* Begin PBXContainerItemProxy section */
		2904AB87268461FB002A7D45 /* PBXContainerItemProxy */ = {
			isa = PBXContainerItemProxy;
			containerPortal = 2904AB68268461CF002A7D45 /* Project object */;
			proxyType = 1;
			remoteGlobalIDString = 2904AB6F268461CF002A7D45;
			remoteInfo = SwipeUpForNews;
		};
		2904AB92268461FC002A7D45 /* PBXContainerItemProxy */ = {
			isa = PBXContainerItemProxy;
			containerPortal = 2904AB68268461CF002A7D45 /* Project object */;
			proxyType = 1;
			remoteGlobalIDString = 2904AB6F268461CF002A7D45;
			remoteInfo = SwipeUpForNews;
		};
/* End PBXContainerItemProxy section */

/* Begin PBXFileReference section */
		1470A80F7E40D4CAC9B6869B /* Pods-SwipeUpForNews-SwipeUpForNewsUITests.release.xcconfig */ = {isa = PBXFileReference; includeInIndex = 1; lastKnownFileType = text.xcconfig; name = "Pods-SwipeUpForNews-SwipeUpForNewsUITests.release.xcconfig"; path = "Target Support Files/Pods-SwipeUpForNews-SwipeUpForNewsUITests/Pods-SwipeUpForNews-SwipeUpForNewsUITests.release.xcconfig"; sourceTree = "<group>"; };
		2904AB70268461D0002A7D45 /* SwipeUpForNews.app */ = {isa = PBXFileReference; explicitFileType = wrapper.application; includeInIndex = 0; path = SwipeUpForNews.app; sourceTree = BUILT_PRODUCTS_DIR; };
		2904AB73268461D0002A7D45 /* AppDelegate.swift */ = {isa = PBXFileReference; lastKnownFileType = sourcecode.swift; path = AppDelegate.swift; sourceTree = "<group>"; };
		2904AB75268461D0002A7D45 /* SceneDelegate.swift */ = {isa = PBXFileReference; lastKnownFileType = sourcecode.swift; path = SceneDelegate.swift; sourceTree = "<group>"; };
		2904AB7C268461F9002A7D45 /* Assets.xcassets */ = {isa = PBXFileReference; lastKnownFileType = folder.assetcatalog; path = Assets.xcassets; sourceTree = "<group>"; };
		2904AB7F268461F9002A7D45 /* Base */ = {isa = PBXFileReference; lastKnownFileType = file.storyboard; name = Base; path = Base.lproj/LaunchScreen.storyboard; sourceTree = "<group>"; };
		2904AB81268461FA002A7D45 /* Info.plist */ = {isa = PBXFileReference; lastKnownFileType = text.plist.xml; path = Info.plist; sourceTree = "<group>"; };
		2904AB86268461FB002A7D45 /* SwipeUpForNewsTests.xctest */ = {isa = PBXFileReference; explicitFileType = wrapper.cfbundle; includeInIndex = 0; path = SwipeUpForNewsTests.xctest; sourceTree = BUILT_PRODUCTS_DIR; };
		2904AB8A268461FC002A7D45 /* SwipeUpForNewsTests.swift */ = {isa = PBXFileReference; lastKnownFileType = sourcecode.swift; path = SwipeUpForNewsTests.swift; sourceTree = "<group>"; };
		2904AB8C268461FC002A7D45 /* Info.plist */ = {isa = PBXFileReference; lastKnownFileType = text.plist.xml; path = Info.plist; sourceTree = "<group>"; };
		2904AB91268461FC002A7D45 /* SwipeUpForNewsUITests.xctest */ = {isa = PBXFileReference; explicitFileType = wrapper.cfbundle; includeInIndex = 0; path = SwipeUpForNewsUITests.xctest; sourceTree = BUILT_PRODUCTS_DIR; };
		2904AB95268461FC002A7D45 /* SwipeUpForNewsUITests.swift */ = {isa = PBXFileReference; lastKnownFileType = sourcecode.swift; path = SwipeUpForNewsUITests.swift; sourceTree = "<group>"; };
		2904AB97268461FC002A7D45 /* Info.plist */ = {isa = PBXFileReference; lastKnownFileType = text.plist.xml; path = Info.plist; sourceTree = "<group>"; };
		2904ABA3268463A4002A7D45 /* MyRootViewController.swift */ = {isa = PBXFileReference; lastKnownFileType = sourcecode.swift; path = MyRootViewController.swift; sourceTree = "<group>"; };
		29B543172695830300BEA1B6 /* TwitterUserAPI.swift */ = {isa = PBXFileReference; lastKnownFileType = sourcecode.swift; path = TwitterUserAPI.swift; sourceTree = "<group>"; };
		29B5431A269590BE00BEA1B6 /* twitterUserData.swift */ = {isa = PBXFileReference; lastKnownFileType = sourcecode.swift; path = twitterUserData.swift; sourceTree = "<group>"; };
		29BB2DFB26846DCC00DE7AA8 /* NewsCollectionViewCell.swift */ = {isa = PBXFileReference; lastKnownFileType = sourcecode.swift; path = NewsCollectionViewCell.swift; sourceTree = "<group>"; };
		29BB2DFD2685CD0700DE7AA8 /* NewsLabelCollectionViewCell.swift */ = {isa = PBXFileReference; lastKnownFileType = sourcecode.swift; path = NewsLabelCollectionViewCell.swift; sourceTree = "<group>"; };
		29BB2DFE2685CD0700DE7AA8 /* NewsLabelCollectionViewCell.xib */ = {isa = PBXFileReference; lastKnownFileType = file.xib; path = NewsLabelCollectionViewCell.xib; sourceTree = "<group>"; };
		4222EF067739CDC80C917564 /* Pods-SwipeUpForNews-SwipeUpForNewsUITests.debug.xcconfig */ = {isa = PBXFileReference; includeInIndex = 1; lastKnownFileType = text.xcconfig; name = "Pods-SwipeUpForNews-SwipeUpForNewsUITests.debug.xcconfig"; path = "Target Support Files/Pods-SwipeUpForNews-SwipeUpForNewsUITests/Pods-SwipeUpForNews-SwipeUpForNewsUITests.debug.xcconfig"; sourceTree = "<group>"; };
		4357C06CF1C07FDCFA6E96D6 /* Pods_SwipeUpForNewsTests.framework */ = {isa = PBXFileReference; explicitFileType = wrapper.framework; includeInIndex = 0; path = Pods_SwipeUpForNewsTests.framework; sourceTree = BUILT_PRODUCTS_DIR; };
		76AE4E57D2A94E5D33448168 /* Pods_SwipeUpForNews.framework */ = {isa = PBXFileReference; explicitFileType = wrapper.framework; includeInIndex = 0; path = Pods_SwipeUpForNews.framework; sourceTree = BUILT_PRODUCTS_DIR; };
		7D674C2FC9A8F11F3D8717B0 /* Pods-SwipeUpForNews.release.xcconfig */ = {isa = PBXFileReference; includeInIndex = 1; lastKnownFileType = text.xcconfig; name = "Pods-SwipeUpForNews.release.xcconfig"; path = "Target Support Files/Pods-SwipeUpForNews/Pods-SwipeUpForNews.release.xcconfig"; sourceTree = "<group>"; };
		9E13F586CF895DEF77BB522E /* Pods-SwipeUpForNewsTests.debug.xcconfig */ = {isa = PBXFileReference; includeInIndex = 1; lastKnownFileType = text.xcconfig; name = "Pods-SwipeUpForNewsTests.debug.xcconfig"; path = "Target Support Files/Pods-SwipeUpForNewsTests/Pods-SwipeUpForNewsTests.debug.xcconfig"; sourceTree = "<group>"; };
		B7150FB4C064F540DBD83C50 /* Pods_SwipeUpForNews_SwipeUpForNewsUITests.framework */ = {isa = PBXFileReference; explicitFileType = wrapper.framework; includeInIndex = 0; path = Pods_SwipeUpForNews_SwipeUpForNewsUITests.framework; sourceTree = BUILT_PRODUCTS_DIR; };
		DA6B9D54D38896F42F16D19A /* Pods-SwipeUpForNewsTests.release.xcconfig */ = {isa = PBXFileReference; includeInIndex = 1; lastKnownFileType = text.xcconfig; name = "Pods-SwipeUpForNewsTests.release.xcconfig"; path = "Target Support Files/Pods-SwipeUpForNewsTests/Pods-SwipeUpForNewsTests.release.xcconfig"; sourceTree = "<group>"; };
		DFAF80A276C2E3DD17E56F65 /* Pods-SwipeUpForNews.debug.xcconfig */ = {isa = PBXFileReference; includeInIndex = 1; lastKnownFileType = text.xcconfig; name = "Pods-SwipeUpForNews.debug.xcconfig"; path = "Target Support Files/Pods-SwipeUpForNews/Pods-SwipeUpForNews.debug.xcconfig"; sourceTree = "<group>"; };
/* End PBXFileReference section */

/* Begin PBXFrameworksBuildPhase section */
		2904AB6D268461CF002A7D45 /* Frameworks */ = {
			isa = PBXFrameworksBuildPhase;
			buildActionMask = 2147483647;
			files = (
				EFF25A6789F0576EF7FA1E31 /* Pods_SwipeUpForNews.framework in Frameworks */,
			);
			runOnlyForDeploymentPostprocessing = 0;
		};
		2904AB83268461FB002A7D45 /* Frameworks */ = {
			isa = PBXFrameworksBuildPhase;
			buildActionMask = 2147483647;
			files = (
				7DBA018789C9F211C0DE56B8 /* Pods_SwipeUpForNewsTests.framework in Frameworks */,
			);
			runOnlyForDeploymentPostprocessing = 0;
		};
		2904AB8E268461FC002A7D45 /* Frameworks */ = {
			isa = PBXFrameworksBuildPhase;
			buildActionMask = 2147483647;
			files = (
				AF0C25CBAF00D00BCED8909F /* Pods_SwipeUpForNews_SwipeUpForNewsUITests.framework in Frameworks */,
			);
			runOnlyForDeploymentPostprocessing = 0;
		};
/* End PBXFrameworksBuildPhase section */

/* Begin PBXGroup section */
		0FF3210486B55EDF8C2C5189 /* Pods */ = {
			isa = PBXGroup;
			children = (
				DFAF80A276C2E3DD17E56F65 /* Pods-SwipeUpForNews.debug.xcconfig */,
				7D674C2FC9A8F11F3D8717B0 /* Pods-SwipeUpForNews.release.xcconfig */,
				4222EF067739CDC80C917564 /* Pods-SwipeUpForNews-SwipeUpForNewsUITests.debug.xcconfig */,
				1470A80F7E40D4CAC9B6869B /* Pods-SwipeUpForNews-SwipeUpForNewsUITests.release.xcconfig */,
				9E13F586CF895DEF77BB522E /* Pods-SwipeUpForNewsTests.debug.xcconfig */,
				DA6B9D54D38896F42F16D19A /* Pods-SwipeUpForNewsTests.release.xcconfig */,
			);
			path = Pods;
			sourceTree = "<group>";
		};
		2904AB67268461CE002A7D45 = {
			isa = PBXGroup;
			children = (
				2904AB72268461D0002A7D45 /* SwipeUpForNews */,
				2904AB89268461FC002A7D45 /* SwipeUpForNewsTests */,
				2904AB94268461FC002A7D45 /* SwipeUpForNewsUITests */,
				2904AB71268461D0002A7D45 /* Products */,
				0FF3210486B55EDF8C2C5189 /* Pods */,
				C24A1C84ADEB328DFB9B2D82 /* Frameworks */,
			);
			sourceTree = "<group>";
		};
		2904AB71268461D0002A7D45 /* Products */ = {
			isa = PBXGroup;
			children = (
				2904AB70268461D0002A7D45 /* SwipeUpForNews.app */,
				2904AB86268461FB002A7D45 /* SwipeUpForNewsTests.xctest */,
				2904AB91268461FC002A7D45 /* SwipeUpForNewsUITests.xctest */,
			);
			name = Products;
			sourceTree = "<group>";
		};
		2904AB72268461D0002A7D45 /* SwipeUpForNews */ = {
			isa = PBXGroup;
			children = (
				2904AB73268461D0002A7D45 /* AppDelegate.swift */,
				2904AB75268461D0002A7D45 /* SceneDelegate.swift */,
				2904ABA3268463A4002A7D45 /* MyRootViewController.swift */,
				29BB2DFD2685CD0700DE7AA8 /* NewsLabelCollectionViewCell.swift */,
				29BB2DFE2685CD0700DE7AA8 /* NewsLabelCollectionViewCell.xib */,
				29BB2DFB26846DCC00DE7AA8 /* NewsCollectionViewCell.swift */,
				29B543192695909F00BEA1B6 /* Models */,
				29B54316269582C100BEA1B6 /* Networking  */,
				2904AB7C268461F9002A7D45 /* Assets.xcassets */,
				2904AB7E268461F9002A7D45 /* LaunchScreen.storyboard */,
				2904AB81268461FA002A7D45 /* Info.plist */,
			);
			path = SwipeUpForNews;
			sourceTree = "<group>";
		};
		2904AB89268461FC002A7D45 /* SwipeUpForNewsTests */ = {
			isa = PBXGroup;
			children = (
				2904AB8A268461FC002A7D45 /* SwipeUpForNewsTests.swift */,
				2904AB8C268461FC002A7D45 /* Info.plist */,
			);
			path = SwipeUpForNewsTests;
			sourceTree = "<group>";
		};
		2904AB94268461FC002A7D45 /* SwipeUpForNewsUITests */ = {
			isa = PBXGroup;
			children = (
				2904AB95268461FC002A7D45 /* SwipeUpForNewsUITests.swift */,
				2904AB97268461FC002A7D45 /* Info.plist */,
			);
			path = SwipeUpForNewsUITests;
			sourceTree = "<group>";
		};
		29B54316269582C100BEA1B6 /* Networking  */ = {
			isa = PBXGroup;
			children = (
				29B543172695830300BEA1B6 /* TwitterUserAPI.swift */,
			);
			path = "Networking ";
			sourceTree = "<group>";
		};
		29B543192695909F00BEA1B6 /* Models */ = {
			isa = PBXGroup;
			children = (
				29B5431A269590BE00BEA1B6 /* twitterUserData.swift */,
			);
			path = Models;
			sourceTree = "<group>";
		};
		C24A1C84ADEB328DFB9B2D82 /* Frameworks */ = {
			isa = PBXGroup;
			children = (
				76AE4E57D2A94E5D33448168 /* Pods_SwipeUpForNews.framework */,
				B7150FB4C064F540DBD83C50 /* Pods_SwipeUpForNews_SwipeUpForNewsUITests.framework */,
				4357C06CF1C07FDCFA6E96D6 /* Pods_SwipeUpForNewsTests.framework */,
			);
			name = Frameworks;
			sourceTree = "<group>";
		};
/* End PBXGroup section */

/* Begin PBXNativeTarget section */
		2904AB6F268461CF002A7D45 /* SwipeUpForNews */ = {
			isa = PBXNativeTarget;
			buildConfigurationList = 2904AB9A268461FC002A7D45 /* Build configuration list for PBXNativeTarget "SwipeUpForNews" */;
			buildPhases = (
				57A617E35B1465E01C044F7C /* [CP] Check Pods Manifest.lock */,
				2904AB6C268461CF002A7D45 /* Sources */,
				2904AB6D268461CF002A7D45 /* Frameworks */,
				2904AB6E268461CF002A7D45 /* Resources */,
				13CC50DD5FC3A96D9682C87F /* [CP] Embed Pods Frameworks */,
			);
			buildRules = (
			);
			dependencies = (
			);
			name = SwipeUpForNews;
			productName = SwipeUpForNews;
			productReference = 2904AB70268461D0002A7D45 /* SwipeUpForNews.app */;
			productType = "com.apple.product-type.application";
		};
		2904AB85268461FB002A7D45 /* SwipeUpForNewsTests */ = {
			isa = PBXNativeTarget;
			buildConfigurationList = 2904AB9D268461FC002A7D45 /* Build configuration list for PBXNativeTarget "SwipeUpForNewsTests" */;
			buildPhases = (
				4878442FD4490C63A8268BA6 /* [CP] Check Pods Manifest.lock */,
				2904AB82268461FB002A7D45 /* Sources */,
				2904AB83268461FB002A7D45 /* Frameworks */,
				2904AB84268461FB002A7D45 /* Resources */,
			);
			buildRules = (
			);
			dependencies = (
				2904AB88268461FB002A7D45 /* PBXTargetDependency */,
			);
			name = SwipeUpForNewsTests;
			productName = SwipeUpForNewsTests;
			productReference = 2904AB86268461FB002A7D45 /* SwipeUpForNewsTests.xctest */;
			productType = "com.apple.product-type.bundle.unit-test";
		};
		2904AB90268461FC002A7D45 /* SwipeUpForNewsUITests */ = {
			isa = PBXNativeTarget;
			buildConfigurationList = 2904ABA0268461FC002A7D45 /* Build configuration list for PBXNativeTarget "SwipeUpForNewsUITests" */;
			buildPhases = (
				A2E88245EF4054DD60440157 /* [CP] Check Pods Manifest.lock */,
				2904AB8D268461FC002A7D45 /* Sources */,
				2904AB8E268461FC002A7D45 /* Frameworks */,
				2904AB8F268461FC002A7D45 /* Resources */,
				28367E41F3A9082E18640C56 /* [CP] Embed Pods Frameworks */,
			);
			buildRules = (
			);
			dependencies = (
				2904AB93268461FC002A7D45 /* PBXTargetDependency */,
			);
			name = SwipeUpForNewsUITests;
			productName = SwipeUpForNewsUITests;
			productReference = 2904AB91268461FC002A7D45 /* SwipeUpForNewsUITests.xctest */;
			productType = "com.apple.product-type.bundle.ui-testing";
		};
/* End PBXNativeTarget section */

/* Begin PBXProject section */
		2904AB68268461CF002A7D45 /* Project object */ = {
			isa = PBXProject;
			attributes = {
				LastSwiftUpdateCheck = 1250;
				LastUpgradeCheck = 1250;
				TargetAttributes = {
					2904AB6F268461CF002A7D45 = {
						CreatedOnToolsVersion = 12.5;
					};
					2904AB85268461FB002A7D45 = {
						CreatedOnToolsVersion = 12.5;
						TestTargetID = 2904AB6F268461CF002A7D45;
					};
					2904AB90268461FC002A7D45 = {
						CreatedOnToolsVersion = 12.5;
						TestTargetID = 2904AB6F268461CF002A7D45;
					};
				};
			};
			buildConfigurationList = 2904AB6B268461CF002A7D45 /* Build configuration list for PBXProject "SwipeUpForNews" */;
			compatibilityVersion = "Xcode 9.3";
			developmentRegion = en;
			hasScannedForEncodings = 0;
			knownRegions = (
				en,
				Base,
			);
			mainGroup = 2904AB67268461CE002A7D45;
			productRefGroup = 2904AB71268461D0002A7D45 /* Products */;
			projectDirPath = "";
			projectRoot = "";
			targets = (
				2904AB6F268461CF002A7D45 /* SwipeUpForNews */,
				2904AB85268461FB002A7D45 /* SwipeUpForNewsTests */,
				2904AB90268461FC002A7D45 /* SwipeUpForNewsUITests */,
			);
		};
/* End PBXProject section */

/* Begin PBXResourcesBuildPhase section */
		2904AB6E268461CF002A7D45 /* Resources */ = {
			isa = PBXResourcesBuildPhase;
			buildActionMask = 2147483647;
			files = (
				2904AB80268461F9002A7D45 /* LaunchScreen.storyboard in Resources */,
				2904AB7D268461F9002A7D45 /* Assets.xcassets in Resources */,
				29BB2E002685CD0700DE7AA8 /* NewsLabelCollectionViewCell.xib in Resources */,
			);
			runOnlyForDeploymentPostprocessing = 0;
		};
		2904AB84268461FB002A7D45 /* Resources */ = {
			isa = PBXResourcesBuildPhase;
			buildActionMask = 2147483647;
			files = (
			);
			runOnlyForDeploymentPostprocessing = 0;
		};
		2904AB8F268461FC002A7D45 /* Resources */ = {
			isa = PBXResourcesBuildPhase;
			buildActionMask = 2147483647;
			files = (
			);
			runOnlyForDeploymentPostprocessing = 0;
		};
/* End PBXResourcesBuildPhase section */

/* Begin PBXShellScriptBuildPhase section */
		13CC50DD5FC3A96D9682C87F /* [CP] Embed Pods Frameworks */ = {
			isa = PBXShellScriptBuildPhase;
			buildActionMask = 2147483647;
			files = (
			);
			inputFileListPaths = (
				"${PODS_ROOT}/Target Support Files/Pods-SwipeUpForNews/Pods-SwipeUpForNews-frameworks-${CONFIGURATION}-input-files.xcfilelist",
			);
			name = "[CP] Embed Pods Frameworks";
			outputFileListPaths = (
				"${PODS_ROOT}/Target Support Files/Pods-SwipeUpForNews/Pods-SwipeUpForNews-frameworks-${CONFIGURATION}-output-files.xcfilelist",
			);
			runOnlyForDeploymentPostprocessing = 0;
			shellPath = /bin/sh;
			shellScript = "\"${PODS_ROOT}/Target Support Files/Pods-SwipeUpForNews/Pods-SwipeUpForNews-frameworks.sh\"\n";
			showEnvVarsInLog = 0;
		};
		28367E41F3A9082E18640C56 /* [CP] Embed Pods Frameworks */ = {
			isa = PBXShellScriptBuildPhase;
			buildActionMask = 2147483647;
			files = (
			);
			inputFileListPaths = (
				"${PODS_ROOT}/Target Support Files/Pods-SwipeUpForNews-SwipeUpForNewsUITests/Pods-SwipeUpForNews-SwipeUpForNewsUITests-frameworks-${CONFIGURATION}-input-files.xcfilelist",
			);
			name = "[CP] Embed Pods Frameworks";
			outputFileListPaths = (
				"${PODS_ROOT}/Target Support Files/Pods-SwipeUpForNews-SwipeUpForNewsUITests/Pods-SwipeUpForNews-SwipeUpForNewsUITests-frameworks-${CONFIGURATION}-output-files.xcfilelist",
			);
			runOnlyForDeploymentPostprocessing = 0;
			shellPath = /bin/sh;
			shellScript = "\"${PODS_ROOT}/Target Support Files/Pods-SwipeUpForNews-SwipeUpForNewsUITests/Pods-SwipeUpForNews-SwipeUpForNewsUITests-frameworks.sh\"\n";
			showEnvVarsInLog = 0;
		};
		4878442FD4490C63A8268BA6 /* [CP] Check Pods Manifest.lock */ = {
			isa = PBXShellScriptBuildPhase;
			buildActionMask = 2147483647;
			files = (
			);
			inputFileListPaths = (
			);
			inputPaths = (
				"${PODS_PODFILE_DIR_PATH}/Podfile.lock",
				"${PODS_ROOT}/Manifest.lock",
			);
			name = "[CP] Check Pods Manifest.lock";
			outputFileListPaths = (
			);
			outputPaths = (
				"$(DERIVED_FILE_DIR)/Pods-SwipeUpForNewsTests-checkManifestLockResult.txt",
			);
			runOnlyForDeploymentPostprocessing = 0;
			shellPath = /bin/sh;
			shellScript = "diff \"${PODS_PODFILE_DIR_PATH}/Podfile.lock\" \"${PODS_ROOT}/Manifest.lock\" > /dev/null\nif [ $? != 0 ] ; then\n    # print error to STDERR\n    echo \"error: The sandbox is not in sync with the Podfile.lock. Run 'pod install' or update your CocoaPods installation.\" >&2\n    exit 1\nfi\n# This output is used by Xcode 'outputs' to avoid re-running this script phase.\necho \"SUCCESS\" > \"${SCRIPT_OUTPUT_FILE_0}\"\n";
			showEnvVarsInLog = 0;
		};
		57A617E35B1465E01C044F7C /* [CP] Check Pods Manifest.lock */ = {
			isa = PBXShellScriptBuildPhase;
			buildActionMask = 2147483647;
			files = (
			);
			inputFileListPaths = (
			);
			inputPaths = (
				"${PODS_PODFILE_DIR_PATH}/Podfile.lock",
				"${PODS_ROOT}/Manifest.lock",
			);
			name = "[CP] Check Pods Manifest.lock";
			outputFileListPaths = (
			);
			outputPaths = (
				"$(DERIVED_FILE_DIR)/Pods-SwipeUpForNews-checkManifestLockResult.txt",
			);
			runOnlyForDeploymentPostprocessing = 0;
			shellPath = /bin/sh;
			shellScript = "diff \"${PODS_PODFILE_DIR_PATH}/Podfile.lock\" \"${PODS_ROOT}/Manifest.lock\" > /dev/null\nif [ $? != 0 ] ; then\n    # print error to STDERR\n    echo \"error: The sandbox is not in sync with the Podfile.lock. Run 'pod install' or update your CocoaPods installation.\" >&2\n    exit 1\nfi\n# This output is used by Xcode 'outputs' to avoid re-running this script phase.\necho \"SUCCESS\" > \"${SCRIPT_OUTPUT_FILE_0}\"\n";
			showEnvVarsInLog = 0;
		};
		A2E88245EF4054DD60440157 /* [CP] Check Pods Manifest.lock */ = {
			isa = PBXShellScriptBuildPhase;
			buildActionMask = 2147483647;
			files = (
			);
			inputFileListPaths = (
			);
			inputPaths = (
				"${PODS_PODFILE_DIR_PATH}/Podfile.lock",
				"${PODS_ROOT}/Manifest.lock",
			);
			name = "[CP] Check Pods Manifest.lock";
			outputFileListPaths = (
			);
			outputPaths = (
				"$(DERIVED_FILE_DIR)/Pods-SwipeUpForNews-SwipeUpForNewsUITests-checkManifestLockResult.txt",
			);
			runOnlyForDeploymentPostprocessing = 0;
			shellPath = /bin/sh;
			shellScript = "diff \"${PODS_PODFILE_DIR_PATH}/Podfile.lock\" \"${PODS_ROOT}/Manifest.lock\" > /dev/null\nif [ $? != 0 ] ; then\n    # print error to STDERR\n    echo \"error: The sandbox is not in sync with the Podfile.lock. Run 'pod install' or update your CocoaPods installation.\" >&2\n    exit 1\nfi\n# This output is used by Xcode 'outputs' to avoid re-running this script phase.\necho \"SUCCESS\" > \"${SCRIPT_OUTPUT_FILE_0}\"\n";
			showEnvVarsInLog = 0;
		};
/* End PBXShellScriptBuildPhase section */

/* Begin PBXSourcesBuildPhase section */
		2904AB6C268461CF002A7D45 /* Sources */ = {
			isa = PBXSourcesBuildPhase;
			buildActionMask = 2147483647;
			files = (
				29BB2DFF2685CD0700DE7AA8 /* NewsLabelCollectionViewCell.swift in Sources */,
				2904AB74268461D0002A7D45 /* AppDelegate.swift in Sources */,
				2904ABA4268463A5002A7D45 /* MyRootViewController.swift in Sources */,
				29B543182695830300BEA1B6 /* TwitterUserAPI.swift in Sources */,
				2904AB76268461D0002A7D45 /* SceneDelegate.swift in Sources */,
				29BB2DFC26846DCC00DE7AA8 /* NewsCollectionViewCell.swift in Sources */,
				29B5431B269590BE00BEA1B6 /* twitterUserData.swift in Sources */,
			);
			runOnlyForDeploymentPostprocessing = 0;
		};
		2904AB82268461FB002A7D45 /* Sources */ = {
			isa = PBXSourcesBuildPhase;
			buildActionMask = 2147483647;
			files = (
				2904AB8B268461FC002A7D45 /* SwipeUpForNewsTests.swift in Sources */,
			);
			runOnlyForDeploymentPostprocessing = 0;
		};
		2904AB8D268461FC002A7D45 /* Sources */ = {
			isa = PBXSourcesBuildPhase;
			buildActionMask = 2147483647;
			files = (
				2904AB96268461FC002A7D45 /* SwipeUpForNewsUITests.swift in Sources */,
			);
			runOnlyForDeploymentPostprocessing = 0;
		};
/* End PBXSourcesBuildPhase section */

/* Begin PBXTargetDependency section */
		2904AB88268461FB002A7D45 /* PBXTargetDependency */ = {
			isa = PBXTargetDependency;
			target = 2904AB6F268461CF002A7D45 /* SwipeUpForNews */;
			targetProxy = 2904AB87268461FB002A7D45 /* PBXContainerItemProxy */;
		};
		2904AB93268461FC002A7D45 /* PBXTargetDependency */ = {
			isa = PBXTargetDependency;
			target = 2904AB6F268461CF002A7D45 /* SwipeUpForNews */;
			targetProxy = 2904AB92268461FC002A7D45 /* PBXContainerItemProxy */;
		};
/* End PBXTargetDependency section */

/* Begin PBXVariantGroup section */
		2904AB7E268461F9002A7D45 /* LaunchScreen.storyboard */ = {
			isa = PBXVariantGroup;
			children = (
				2904AB7F268461F9002A7D45 /* Base */,
			);
			name = LaunchScreen.storyboard;
			sourceTree = "<group>";
		};
/* End PBXVariantGroup section */

/* Begin XCBuildConfiguration section */
		2904AB98268461FC002A7D45 /* Debug */ = {
			isa = XCBuildConfiguration;
			buildSettings = {
				ALWAYS_SEARCH_USER_PATHS = NO;
				CLANG_ANALYZER_NONNULL = YES;
				CLANG_ANALYZER_NUMBER_OBJECT_CONVERSION = YES_AGGRESSIVE;
				CLANG_CXX_LANGUAGE_STANDARD = "gnu++14";
				CLANG_CXX_LIBRARY = "libc++";
				CLANG_ENABLE_MODULES = YES;
				CLANG_ENABLE_OBJC_ARC = YES;
				CLANG_ENABLE_OBJC_WEAK = YES;
				CLANG_WARN_BLOCK_CAPTURE_AUTORELEASING = YES;
				CLANG_WARN_BOOL_CONVERSION = YES;
				CLANG_WARN_COMMA = YES;
				CLANG_WARN_CONSTANT_CONVERSION = YES;
				CLANG_WARN_DEPRECATED_OBJC_IMPLEMENTATIONS = YES;
				CLANG_WARN_DIRECT_OBJC_ISA_USAGE = YES_ERROR;
				CLANG_WARN_DOCUMENTATION_COMMENTS = YES;
				CLANG_WARN_EMPTY_BODY = YES;
				CLANG_WARN_ENUM_CONVERSION = YES;
				CLANG_WARN_INFINITE_RECURSION = YES;
				CLANG_WARN_INT_CONVERSION = YES;
				CLANG_WARN_NON_LITERAL_NULL_CONVERSION = YES;
				CLANG_WARN_OBJC_IMPLICIT_RETAIN_SELF = YES;
				CLANG_WARN_OBJC_LITERAL_CONVERSION = YES;
				CLANG_WARN_OBJC_ROOT_CLASS = YES_ERROR;
				CLANG_WARN_QUOTED_INCLUDE_IN_FRAMEWORK_HEADER = YES;
				CLANG_WARN_RANGE_LOOP_ANALYSIS = YES;
				CLANG_WARN_STRICT_PROTOTYPES = YES;
				CLANG_WARN_SUSPICIOUS_MOVE = YES;
				CLANG_WARN_UNGUARDED_AVAILABILITY = YES_AGGRESSIVE;
				CLANG_WARN_UNREACHABLE_CODE = YES;
				CLANG_WARN__DUPLICATE_METHOD_MATCH = YES;
				COPY_PHASE_STRIP = NO;
				DEBUG_INFORMATION_FORMAT = dwarf;
				ENABLE_STRICT_OBJC_MSGSEND = YES;
				ENABLE_TESTABILITY = YES;
				GCC_C_LANGUAGE_STANDARD = gnu11;
				GCC_DYNAMIC_NO_PIC = NO;
				GCC_NO_COMMON_BLOCKS = YES;
				GCC_OPTIMIZATION_LEVEL = 0;
				GCC_PREPROCESSOR_DEFINITIONS = (
					"DEBUG=1",
					"$(inherited)",
				);
				GCC_WARN_64_TO_32_BIT_CONVERSION = YES;
				GCC_WARN_ABOUT_RETURN_TYPE = YES_ERROR;
				GCC_WARN_UNDECLARED_SELECTOR = YES;
				GCC_WARN_UNINITIALIZED_AUTOS = YES_AGGRESSIVE;
				GCC_WARN_UNUSED_FUNCTION = YES;
				GCC_WARN_UNUSED_VARIABLE = YES;
				IPHONEOS_DEPLOYMENT_TARGET = 14.5;
				MTL_ENABLE_DEBUG_INFO = INCLUDE_SOURCE;
				MTL_FAST_MATH = YES;
				ONLY_ACTIVE_ARCH = YES;
				SDKROOT = iphoneos;
				SWIFT_ACTIVE_COMPILATION_CONDITIONS = DEBUG;
				SWIFT_OPTIMIZATION_LEVEL = "-Onone";
			};
			name = Debug;
		};
		2904AB99268461FC002A7D45 /* Release */ = {
			isa = XCBuildConfiguration;
			buildSettings = {
				ALWAYS_SEARCH_USER_PATHS = NO;
				CLANG_ANALYZER_NONNULL = YES;
				CLANG_ANALYZER_NUMBER_OBJECT_CONVERSION = YES_AGGRESSIVE;
				CLANG_CXX_LANGUAGE_STANDARD = "gnu++14";
				CLANG_CXX_LIBRARY = "libc++";
				CLANG_ENABLE_MODULES = YES;
				CLANG_ENABLE_OBJC_ARC = YES;
				CLANG_ENABLE_OBJC_WEAK = YES;
				CLANG_WARN_BLOCK_CAPTURE_AUTORELEASING = YES;
				CLANG_WARN_BOOL_CONVERSION = YES;
				CLANG_WARN_COMMA = YES;
				CLANG_WARN_CONSTANT_CONVERSION = YES;
				CLANG_WARN_DEPRECATED_OBJC_IMPLEMENTATIONS = YES;
				CLANG_WARN_DIRECT_OBJC_ISA_USAGE = YES_ERROR;
				CLANG_WARN_DOCUMENTATION_COMMENTS = YES;
				CLANG_WARN_EMPTY_BODY = YES;
				CLANG_WARN_ENUM_CONVERSION = YES;
				CLANG_WARN_INFINITE_RECURSION = YES;
				CLANG_WARN_INT_CONVERSION = YES;
				CLANG_WARN_NON_LITERAL_NULL_CONVERSION = YES;
				CLANG_WARN_OBJC_IMPLICIT_RETAIN_SELF = YES;
				CLANG_WARN_OBJC_LITERAL_CONVERSION = YES;
				CLANG_WARN_OBJC_ROOT_CLASS = YES_ERROR;
				CLANG_WARN_QUOTED_INCLUDE_IN_FRAMEWORK_HEADER = YES;
				CLANG_WARN_RANGE_LOOP_ANALYSIS = YES;
				CLANG_WARN_STRICT_PROTOTYPES = YES;
				CLANG_WARN_SUSPICIOUS_MOVE = YES;
				CLANG_WARN_UNGUARDED_AVAILABILITY = YES_AGGRESSIVE;
				CLANG_WARN_UNREACHABLE_CODE = YES;
				CLANG_WARN__DUPLICATE_METHOD_MATCH = YES;
				COPY_PHASE_STRIP = NO;
				DEBUG_INFORMATION_FORMAT = "dwarf-with-dsym";
				ENABLE_NS_ASSERTIONS = NO;
				ENABLE_STRICT_OBJC_MSGSEND = YES;
				GCC_C_LANGUAGE_STANDARD = gnu11;
				GCC_NO_COMMON_BLOCKS = YES;
				GCC_WARN_64_TO_32_BIT_CONVERSION = YES;
				GCC_WARN_ABOUT_RETURN_TYPE = YES_ERROR;
				GCC_WARN_UNDECLARED_SELECTOR = YES;
				GCC_WARN_UNINITIALIZED_AUTOS = YES_AGGRESSIVE;
				GCC_WARN_UNUSED_FUNCTION = YES;
				GCC_WARN_UNUSED_VARIABLE = YES;
				IPHONEOS_DEPLOYMENT_TARGET = 14.5;
				MTL_ENABLE_DEBUG_INFO = NO;
				MTL_FAST_MATH = YES;
				SDKROOT = iphoneos;
				SWIFT_COMPILATION_MODE = wholemodule;
				SWIFT_OPTIMIZATION_LEVEL = "-O";
				VALIDATE_PRODUCT = YES;
			};
			name = Release;
		};
		2904AB9B268461FC002A7D45 /* Debug */ = {
			isa = XCBuildConfiguration;
			baseConfigurationReference = DFAF80A276C2E3DD17E56F65 /* Pods-SwipeUpForNews.debug.xcconfig */;
			buildSettings = {
				ASSETCATALOG_COMPILER_APPICON_NAME = AppIcon;
				ASSETCATALOG_COMPILER_GLOBAL_ACCENT_COLOR_NAME = AccentColor;
				CODE_SIGN_STYLE = Automatic;
				INFOPLIST_FILE = SwipeUpForNews/Info.plist;
				LD_RUNPATH_SEARCH_PATHS = (
					"$(inherited)",
					"@executable_path/Frameworks",
				);
				PRODUCT_BUNDLE_IDENTIFIER = deepthi.SwipeUpForNews;
				PRODUCT_NAME = "$(TARGET_NAME)";
				SWIFT_VERSION = 5.0;
				TARGETED_DEVICE_FAMILY = "1,2";
			};
			name = Debug;
		};
		2904AB9C268461FC002A7D45 /* Release */ = {
			isa = XCBuildConfiguration;
			baseConfigurationReference = 7D674C2FC9A8F11F3D8717B0 /* Pods-SwipeUpForNews.release.xcconfig */;
			buildSettings = {
				ASSETCATALOG_COMPILER_APPICON_NAME = AppIcon;
				ASSETCATALOG_COMPILER_GLOBAL_ACCENT_COLOR_NAME = AccentColor;
				CODE_SIGN_STYLE = Automatic;
				INFOPLIST_FILE = SwipeUpForNews/Info.plist;
				LD_RUNPATH_SEARCH_PATHS = (
					"$(inherited)",
					"@executable_path/Frameworks",
				);
				PRODUCT_BUNDLE_IDENTIFIER = deepthi.SwipeUpForNews;
				PRODUCT_NAME = "$(TARGET_NAME)";
				SWIFT_VERSION = 5.0;
				TARGETED_DEVICE_FAMILY = "1,2";
			};
			name = Release;
		};
		2904AB9E268461FC002A7D45 /* Debug */ = {
			isa = XCBuildConfiguration;
			baseConfigurationReference = 9E13F586CF895DEF77BB522E /* Pods-SwipeUpForNewsTests.debug.xcconfig */;
			buildSettings = {
				ALWAYS_EMBED_SWIFT_STANDARD_LIBRARIES = YES;
				BUNDLE_LOADER = "$(TEST_HOST)";
				CODE_SIGN_STYLE = Automatic;
				INFOPLIST_FILE = SwipeUpForNewsTests/Info.plist;
				IPHONEOS_DEPLOYMENT_TARGET = 14.5;
				LD_RUNPATH_SEARCH_PATHS = (
					"$(inherited)",
					"@executable_path/Frameworks",
					"@loader_path/Frameworks",
				);
				PRODUCT_BUNDLE_IDENTIFIER = deepthi.SwipeUpForNewsTests;
				PRODUCT_NAME = "$(TARGET_NAME)";
				SWIFT_VERSION = 5.0;
				TARGETED_DEVICE_FAMILY = "1,2";
				TEST_HOST = "$(BUILT_PRODUCTS_DIR)/SwipeUpForNews.app/SwipeUpForNews";
			};
			name = Debug;
		};
		2904AB9F268461FC002A7D45 /* Release */ = {
			isa = XCBuildConfiguration;
			baseConfigurationReference = DA6B9D54D38896F42F16D19A /* Pods-SwipeUpForNewsTests.release.xcconfig */;
			buildSettings = {
				ALWAYS_EMBED_SWIFT_STANDARD_LIBRARIES = YES;
				BUNDLE_LOADER = "$(TEST_HOST)";
				CODE_SIGN_STYLE = Automatic;
				INFOPLIST_FILE = SwipeUpForNewsTests/Info.plist;
				IPHONEOS_DEPLOYMENT_TARGET = 14.5;
				LD_RUNPATH_SEARCH_PATHS = (
					"$(inherited)",
					"@executable_path/Frameworks",
					"@loader_path/Frameworks",
				);
				PRODUCT_BUNDLE_IDENTIFIER = deepthi.SwipeUpForNewsTests;
				PRODUCT_NAME = "$(TARGET_NAME)";
				SWIFT_VERSION = 5.0;
				TARGETED_DEVICE_FAMILY = "1,2";
				TEST_HOST = "$(BUILT_PRODUCTS_DIR)/SwipeUpForNews.app/SwipeUpForNews";
			};
			name = Release;
		};
		2904ABA1268461FC002A7D45 /* Debug */ = {
			isa = XCBuildConfiguration;
			baseConfigurationReference = 4222EF067739CDC80C917564 /* Pods-SwipeUpForNews-SwipeUpForNewsUITests.debug.xcconfig */;
			buildSettings = {
				ALWAYS_EMBED_SWIFT_STANDARD_LIBRARIES = YES;
				CODE_SIGN_STYLE = Automatic;
				INFOPLIST_FILE = SwipeUpForNewsUITests/Info.plist;
				LD_RUNPATH_SEARCH_PATHS = (
					"$(inherited)",
					"@executable_path/Frameworks",
					"@loader_path/Frameworks",
				);
				PRODUCT_BUNDLE_IDENTIFIER = deepthi.SwipeUpForNewsUITests;
				PRODUCT_NAME = "$(TARGET_NAME)";
				SWIFT_VERSION = 5.0;
				TARGETED_DEVICE_FAMILY = "1,2";
				TEST_TARGET_NAME = SwipeUpForNews;
			};
			name = Debug;
		};
		2904ABA2268461FC002A7D45 /* Release */ = {
			isa = XCBuildConfiguration;
			baseConfigurationReference = 1470A80F7E40D4CAC9B6869B /* Pods-SwipeUpForNews-SwipeUpForNewsUITests.release.xcconfig */;
			buildSettings = {
				ALWAYS_EMBED_SWIFT_STANDARD_LIBRARIES = YES;
				CODE_SIGN_STYLE = Automatic;
				INFOPLIST_FILE = SwipeUpForNewsUITests/Info.plist;
				LD_RUNPATH_SEARCH_PATHS = (
					"$(inherited)",
					"@executable_path/Frameworks",
					"@loader_path/Frameworks",
				);
				PRODUCT_BUNDLE_IDENTIFIER = deepthi.SwipeUpForNewsUITests;
				PRODUCT_NAME = "$(TARGET_NAME)";
				SWIFT_VERSION = 5.0;
				TARGETED_DEVICE_FAMILY = "1,2";
				TEST_TARGET_NAME = SwipeUpForNews;
			};
			name = Release;
		};
/* End XCBuildConfiguration section */

/* Begin XCConfigurationList section */
		2904AB6B268461CF002A7D45 /* Build configuration list for PBXProject "SwipeUpForNews" */ = {
			isa = XCConfigurationList;
			buildConfigurations = (
				2904AB98268461FC002A7D45 /* Debug */,
				2904AB99268461FC002A7D45 /* Release */,
			);
			defaultConfigurationIsVisible = 0;
			defaultConfigurationName = Release;
		};
		2904AB9A268461FC002A7D45 /* Build configuration list for PBXNativeTarget "SwipeUpForNews" */ = {
			isa = XCConfigurationList;
			buildConfigurations = (
				2904AB9B268461FC002A7D45 /* Debug */,
				2904AB9C268461FC002A7D45 /* Release */,
			);
			defaultConfigurationIsVisible = 0;
			defaultConfigurationName = Release;
		};
		2904AB9D268461FC002A7D45 /* Build configuration list for PBXNativeTarget "SwipeUpForNewsTests" */ = {
			isa = XCConfigurationList;
			buildConfigurations = (
				2904AB9E268461FC002A7D45 /* Debug */,
				2904AB9F268461FC002A7D45 /* Release */,
			);
			defaultConfigurationIsVisible = 0;
			defaultConfigurationName = Release;
		};
		2904ABA0268461FC002A7D45 /* Build configuration list for PBXNativeTarget "SwipeUpForNewsUITests" */ = {
			isa = XCConfigurationList;
			buildConfigurations = (
				2904ABA1268461FC002A7D45 /* Debug */,
				2904ABA2268461FC002A7D45 /* Release */,
			);
			defaultConfigurationIsVisible = 0;
			defaultConfigurationName = Release;
		};
/* End XCConfigurationList section */
	};
	rootObject = 2904AB68268461CF002A7D45 /* Project object */;
}
